// !$*UTF8*$!
{
	archiveVersion = 1;
	classes = {
	};
	objectVersion = 46;
	objects = {

/* Begin PBXBuildFile section */
		8B20794313490E45006D3679 /* division.cpp in Sources */ = {isa = PBXBuildFile; fileRef = 8B20792E13490E45006D3679 /* division.cpp */; };
		8B20794413490E45006D3679 /* global.cpp in Sources */ = {isa = PBXBuildFile; fileRef = 8B20793013490E45006D3679 /* global.cpp */; };
		8B20794513490E45006D3679 /* iofunc.cpp in Sources */ = {isa = PBXBuildFile; fileRef = 8B20793213490E45006D3679 /* iofunc.cpp */; };
		8B20794613490E45006D3679 /* listtool2.cpp in Sources */ = {isa = PBXBuildFile; fileRef = 8B20793413490E45006D3679 /* listtool2.cpp */; };
		8B20794713490E45006D3679 /* main.cpp in Sources */ = {isa = PBXBuildFile; fileRef = 8B20793613490E45006D3679 /* main.cpp */; };
		8B20794813490E45006D3679 /* player.cpp in Sources */ = {isa = PBXBuildFile; fileRef = 8B20793713490E45006D3679 /* player.cpp */; };
		8B20794913490E45006D3679 /* players.cpp in Sources */ = {isa = PBXBuildFile; fileRef = 8B20793913490E45006D3679 /* players.cpp */; };
		8B20794A13490E45006D3679 /* result.cpp in Sources */ = {isa = PBXBuildFile; fileRef = 8B20793B13490E45006D3679 /* result.cpp */; };
		8B20794B13490E45006D3679 /* sport.cpp in Sources */ = {isa = PBXBuildFile; fileRef = 8B20793D13490E45006D3679 /* sport.cpp */; };
		8B20794C13490E45006D3679 /* sports.cpp in Sources */ = {isa = PBXBuildFile; fileRef = 8B20793F13490E45006D3679 /* sports.cpp */; };
		8B20794D13490E45006D3679 /* team.cpp in Sources */ = {isa = PBXBuildFile; fileRef = 8B20794113490E45006D3679 /* team.cpp */; };
/* End PBXBuildFile section */

/* Begin PBXCopyFilesBuildPhase section */
		8B1570B11337EBAD00121E17 /* CopyFiles */ = {
			isa = PBXCopyFilesBuildPhase;
			buildActionMask = 2147483647;
			dstPath = /usr/share/man/man1/;
			dstSubfolderSpec = 0;
			files = (
			);
			runOnlyForDeploymentPostprocessing = 1;
		};
/* End PBXCopyFilesBuildPhase section */

/* Begin PBXFileReference section */
		8B1570B31337EBAD00121E17 /* Prosjekt */ = {isa = PBXFileReference; explicitFileType = "compiled.mach-o.executable"; includeInIndex = 0; path = Prosjekt; sourceTree = BUILT_PRODUCTS_DIR; };
		8B20792E13490E45006D3679 /* division.cpp */ = {isa = PBXFileReference; fileEncoding = 4; lastKnownFileType = sourcecode.cpp.cpp; path = division.cpp; sourceTree = SOURCE_ROOT; };
		8B20792F13490E45006D3679 /* division.h */ = {isa = PBXFileReference; fileEncoding = 4; lastKnownFileType = sourcecode.c.h; path = division.h; sourceTree = SOURCE_ROOT; };
		8B20793013490E45006D3679 /* global.cpp */ = {isa = PBXFileReference; fileEncoding = 4; lastKnownFileType = sourcecode.cpp.cpp; path = global.cpp; sourceTree = SOURCE_ROOT; };
		8B20793113490E45006D3679 /* global.h */ = {isa = PBXFileReference; fileEncoding = 4; lastKnownFileType = sourcecode.c.h; path = global.h; sourceTree = SOURCE_ROOT; };
		8B20793213490E45006D3679 /* iofunc.cpp */ = {isa = PBXFileReference; fileEncoding = 4; lastKnownFileType = sourcecode.cpp.cpp; path = iofunc.cpp; sourceTree = SOURCE_ROOT; };
		8B20793313490E45006D3679 /* iofunc.h */ = {isa = PBXFileReference; fileEncoding = 4; lastKnownFileType = sourcecode.c.h; path = iofunc.h; sourceTree = SOURCE_ROOT; };
		8B20793413490E45006D3679 /* listtool2.cpp */ = {isa = PBXFileReference; fileEncoding = 4; lastKnownFileType = sourcecode.cpp.cpp; path = listtool2.cpp; sourceTree = SOURCE_ROOT; };
		8B20793513490E45006D3679 /* listtool2.h */ = {isa = PBXFileReference; fileEncoding = 4; lastKnownFileType = sourcecode.c.h; path = listtool2.h; sourceTree = SOURCE_ROOT; };
		8B20793613490E45006D3679 /* main.cpp */ = {isa = PBXFileReference; fileEncoding = 4; lastKnownFileType = sourcecode.cpp.cpp; path = main.cpp; sourceTree = SOURCE_ROOT; };
		8B20793713490E45006D3679 /* player.cpp */ = {isa = PBXFileReference; fileEncoding = 4; lastKnownFileType = sourcecode.cpp.cpp; path = player.cpp; sourceTree = SOURCE_ROOT; };
		8B20793813490E45006D3679 /* player.h */ = {isa = PBXFileReference; fileEncoding = 4; lastKnownFileType = sourcecode.c.h; path = player.h; sourceTree = SOURCE_ROOT; };
		8B20793913490E45006D3679 /* players.cpp */ = {isa = PBXFileReference; fileEncoding = 4; lastKnownFileType = sourcecode.cpp.cpp; path = players.cpp; sourceTree = SOURCE_ROOT; };
		8B20793A13490E45006D3679 /* players.h */ = {isa = PBXFileReference; fileEncoding = 4; lastKnownFileType = sourcecode.c.h; path = players.h; sourceTree = SOURCE_ROOT; };
		8B20793B13490E45006D3679 /* result.cpp */ = {isa = PBXFileReference; fileEncoding = 4; lastKnownFileType = sourcecode.cpp.cpp; path = result.cpp; sourceTree = SOURCE_ROOT; };
		8B20793C13490E45006D3679 /* result.h */ = {isa = PBXFileReference; fileEncoding = 4; lastKnownFileType = sourcecode.c.h; path = result.h; sourceTree = SOURCE_ROOT; };
		8B20793D13490E45006D3679 /* sport.cpp */ = {isa = PBXFileReference; fileEncoding = 4; lastKnownFileType = sourcecode.cpp.cpp; path = sport.cpp; sourceTree = SOURCE_ROOT; };
		8B20793E13490E45006D3679 /* sport.h */ = {isa = PBXFileReference; fileEncoding = 4; lastKnownFileType = sourcecode.c.h; path = sport.h; sourceTree = SOURCE_ROOT; };
		8B20793F13490E45006D3679 /* sports.cpp */ = {isa = PBXFileReference; fileEncoding = 4; lastKnownFileType = sourcecode.cpp.cpp; path = sports.cpp; sourceTree = SOURCE_ROOT; };
		8B20794013490E45006D3679 /* sports.h */ = {isa = PBXFileReference; fileEncoding = 4; lastKnownFileType = sourcecode.c.h; path = sports.h; sourceTree = SOURCE_ROOT; };
		8B20794113490E45006D3679 /* team.cpp */ = {isa = PBXFileReference; fileEncoding = 4; lastKnownFileType = sourcecode.cpp.cpp; path = team.cpp; sourceTree = SOURCE_ROOT; };
		8B20794213490E45006D3679 /* team.h */ = {isa = PBXFileReference; fileEncoding = 4; lastKnownFileType = sourcecode.c.h; path = team.h; sourceTree = SOURCE_ROOT; };
/* End PBXFileReference section */

/* Begin PBXFrameworksBuildPhase section */
		8B1570B01337EBAD00121E17 /* Frameworks */ = {
			isa = PBXFrameworksBuildPhase;
			buildActionMask = 2147483647;
			files = (
			);
			runOnlyForDeploymentPostprocessing = 0;
		};
/* End PBXFrameworksBuildPhase section */

/* Begin PBXGroup section */
		8B1570A81337EBAD00121E17 = {
			isa = PBXGroup;
			children = (
				8B1570B61337EBAD00121E17 /* Prosjekt */,
				8B1570B41337EBAD00121E17 /* Products */,
			);
			sourceTree = "<group>";
		};
		8B1570B41337EBAD00121E17 /* Products */ = {
			isa = PBXGroup;
			children = (
				8B1570B31337EBAD00121E17 /* Prosjekt */,
			);
			name = Products;
			sourceTree = "<group>";
		};
		8B1570B61337EBAD00121E17 /* Prosjekt */ = {
			isa = PBXGroup;
			children = (
				8B20792E13490E45006D3679 /* division.cpp */,
				8B20792F13490E45006D3679 /* division.h */,
				8B20793013490E45006D3679 /* global.cpp */,
				8B20793113490E45006D3679 /* global.h */,
				8B20793213490E45006D3679 /* iofunc.cpp */,
				8B20793313490E45006D3679 /* iofunc.h */,
				8B20793413490E45006D3679 /* listtool2.cpp */,
				8B20793513490E45006D3679 /* listtool2.h */,
				8B20793613490E45006D3679 /* main.cpp */,
				8B20793713490E45006D3679 /* player.cpp */,
				8B20793813490E45006D3679 /* player.h */,
				8B20793913490E45006D3679 /* players.cpp */,
				8B20793A13490E45006D3679 /* players.h */,
				8B20793B13490E45006D3679 /* result.cpp */,
				8B20793C13490E45006D3679 /* result.h */,
				8B20793D13490E45006D3679 /* sport.cpp */,
				8B20793E13490E45006D3679 /* sport.h */,
				8B20793F13490E45006D3679 /* sports.cpp */,
				8B20794013490E45006D3679 /* sports.h */,
				8B20794113490E45006D3679 /* team.cpp */,
				8B20794213490E45006D3679 /* team.h */,
			);
			path = Prosjekt;
			sourceTree = "<group>";
		};
/* End PBXGroup section */

/* Begin PBXNativeTarget section */
		8B1570B21337EBAD00121E17 /* Prosjekt */ = {
			isa = PBXNativeTarget;
			buildConfigurationList = 8B1570BC1337EBAD00121E17 /* Build configuration list for PBXNativeTarget "Prosjekt" */;
			buildPhases = (
				8B1570AF1337EBAD00121E17 /* Sources */,
				8B1570B01337EBAD00121E17 /* Frameworks */,
				8B1570B11337EBAD00121E17 /* CopyFiles */,
			);
			buildRules = (
			);
			dependencies = (
			);
			name = Prosjekt;
			productName = Prosjekt;
			productReference = 8B1570B31337EBAD00121E17 /* Prosjekt */;
			productType = "com.apple.product-type.tool";
		};
/* End PBXNativeTarget section */

/* Begin PBXProject section */
		8B1570AA1337EBAD00121E17 /* Project object */ = {
			isa = PBXProject;
			buildConfigurationList = 8B1570AD1337EBAD00121E17 /* Build configuration list for PBXProject "Prosjekt" */;
			compatibilityVersion = "Xcode 3.2";
			developmentRegion = English;
			hasScannedForEncodings = 0;
			knownRegions = (
				en,
			);
			mainGroup = 8B1570A81337EBAD00121E17;
			productRefGroup = 8B1570B41337EBAD00121E17 /* Products */;
			projectDirPath = "";
			projectRoot = "";
			targets = (
				8B1570B21337EBAD00121E17 /* Prosjekt */,
			);
		};
/* End PBXProject section */

/* Begin PBXSourcesBuildPhase section */
		8B1570AF1337EBAD00121E17 /* Sources */ = {
			isa = PBXSourcesBuildPhase;
			buildActionMask = 2147483647;
			files = (
				8B20794313490E45006D3679 /* division.cpp in Sources */,
				8B20794413490E45006D3679 /* global.cpp in Sources */,
				8B20794513490E45006D3679 /* iofunc.cpp in Sources */,
				8B20794613490E45006D3679 /* listtool2.cpp in Sources */,
				8B20794713490E45006D3679 /* main.cpp in Sources */,
				8B20794813490E45006D3679 /* player.cpp in Sources */,
				8B20794913490E45006D3679 /* players.cpp in Sources */,
				8B20794A13490E45006D3679 /* result.cpp in Sources */,
				8B20794B13490E45006D3679 /* sport.cpp in Sources */,
				8B20794C13490E45006D3679 /* sports.cpp in Sources */,
				8B20794D13490E45006D3679 /* team.cpp in Sources */,
			);
			runOnlyForDeploymentPostprocessing = 0;
		};
/* End PBXSourcesBuildPhase section */

/* Begin XCBuildConfiguration section */
		8B1570BA1337EBAD00121E17 /* Debug */ = {
			isa = XCBuildConfiguration;
			buildSettings = {
				ARCHS = "$(ARCHS_STANDARD_32_64_BIT)";
				GCC_C_LANGUAGE_STANDARD = gnu99;
				GCC_OPTIMIZATION_LEVEL = 0;
				GCC_PREPROCESSOR_DEFINITIONS = DEBUG;
				GCC_SYMBOLS_PRIVATE_EXTERN = NO;
				GCC_VERSION = com.apple.compilers.llvm.clang.1_0;
				GCC_WARN_64_TO_32_BIT_CONVERSION = YES;
				GCC_WARN_ABOUT_RETURN_TYPE = YES;
				GCC_WARN_UNUSED_VARIABLE = YES;
				MACOSX_DEPLOYMENT_TARGET = 10.6;
				ONLY_ACTIVE_ARCH = YES;
				SDKROOT = macosx;
			};
			name = Debug;
		};
		8B1570BB1337EBAD00121E17 /* Release */ = {
			isa = XCBuildConfiguration;
			buildSettings = {
				ARCHS = "$(ARCHS_STANDARD_32_64_BIT)";
				GCC_C_LANGUAGE_STANDARD = gnu99;
				GCC_VERSION = com.apple.compilers.llvm.clang.1_0;
				GCC_WARN_64_TO_32_BIT_CONVERSION = YES;
				GCC_WARN_ABOUT_RETURN_TYPE = YES;
				GCC_WARN_UNUSED_VARIABLE = YES;
				MACOSX_DEPLOYMENT_TARGET = 10.6;
				SDKROOT = macosx;
			};
			name = Release;
		};
		8B1570BD1337EBAD00121E17 /* Debug */ = {
			isa = XCBuildConfiguration;
			buildSettings = {
				ALWAYS_SEARCH_USER_PATHS = NO;
				COPY_PHASE_STRIP = NO;
				GCC_DYNAMIC_NO_PIC = NO;
				GCC_ENABLE_OBJC_EXCEPTIONS = YES;
				PRODUCT_NAME = "$(TARGET_NAME)";
				SYMROOT = /Users/oyvind/Documents/Skole/HiG/IMT1082/Prosjekt/prosjekt_build/;
			};
			name = Debug;
		};
		8B1570BE1337EBAD00121E17 /* Release */ = {
			isa = XCBuildConfiguration;
			buildSettings = {
				ALWAYS_SEARCH_USER_PATHS = NO;
				COPY_PHASE_STRIP = YES;
				DEBUG_INFORMATION_FORMAT = "dwarf-with-dsym";
				GCC_ENABLE_OBJC_EXCEPTIONS = YES;
				PRODUCT_NAME = "$(TARGET_NAME)";
				SYMROOT = /Users/oyvind/Documents/Skole/HiG/IMT1082/Prosjekt/prosjekt_build/;
			};
			name = Release;
		};
/* End XCBuildConfiguration section */

/* Begin XCConfigurationList section */
		8B1570AD1337EBAD00121E17 /* Build configuration list for PBXProject "Prosjekt" */ = {
			isa = XCConfigurationList;
			buildConfigurations = (
				8B1570BA1337EBAD00121E17 /* Debug */,
				8B1570BB1337EBAD00121E17 /* Release */,
			);
			defaultConfigurationIsVisible = 0;
			defaultConfigurationName = Release;
		};
		8B1570BC1337EBAD00121E17 /* Build configuration list for PBXNativeTarget "Prosjekt" */ = {
			isa = XCConfigurationList;
			buildConfigurations = (
				8B1570BD1337EBAD00121E17 /* Debug */,
				8B1570BE1337EBAD00121E17 /* Release */,
			);
			defaultConfigurationIsVisible = 0;
			defaultConfigurationName = Release;
		};
/* End XCConfigurationList section */
	};
	rootObject = 8B1570AA1337EBAD00121E17 /* Project object */;
}
