// !$*UTF8*$!
{
	archiveVersion = 1;
	classes = {
	};
	objectVersion = 46;
	objects = {

/* Begin PBXBuildFile section */
		8B4A04771337EC3F008DA78F /* main.cpp in Sources */ = {isa = PBXBuildFile; fileRef = 8B4A04751337EC3F008DA78F /* main.cpp */; };
/* End PBXBuildFile section */

/* Begin PBXCopyFilesBuildPhase section */
		8B1570B11337EBAD00121E17 /* CopyFiles */ = {
			isa = PBXCopyFilesBuildPhase;
			buildActionMask = 2147483647;
			dstPath = /usr/share/man/man1/;
			dstSubfolderSpec = 0;
			files = (
			);
			runOnlyForDeploymentPostprocessing = 1;
		};
/* End PBXCopyFilesBuildPhase section */

/* Begin PBXFileReference section */
		8B1570B31337EBAD00121E17 /* Prosjekt */ = {isa = PBXFileReference; explicitFileType = "compiled.mach-o.executable"; includeInIndex = 0; path = Prosjekt; sourceTree = BUILT_PRODUCTS_DIR; };
		8B4A04751337EC3F008DA78F /* main.cpp */ = {isa = PBXFileReference; fileEncoding = 4; lastKnownFileType = sourcecode.cpp.cpp; path = main.cpp; sourceTree = SOURCE_ROOT; };
/* End PBXFileReference section */

/* Begin PBXFrameworksBuildPhase section */
		8B1570B01337EBAD00121E17 /* Frameworks */ = {
			isa = PBXFrameworksBuildPhase;
			buildActionMask = 2147483647;
			files = (
			);
			runOnlyForDeploymentPostprocessing = 0;
		};
/* End PBXFrameworksBuildPhase section */

/* Begin PBXGroup section */
		8B1570A81337EBAD00121E17 = {
			isa = PBXGroup;
			children = (
				8B1570B61337EBAD00121E17 /* Prosjekt */,
				8B1570B41337EBAD00121E17 /* Products */,
			);
			sourceTree = "<group>";
		};
		8B1570B41337EBAD00121E17 /* Products */ = {
			isa = PBXGroup;
			children = (
				8B1570B31337EBAD00121E17 /* Prosjekt */,
			);
			name = Products;
			sourceTree = "<group>";
		};
		8B1570B61337EBAD00121E17 /* Prosjekt */ = {
			isa = PBXGroup;
			children = (
				8B4A04751337EC3F008DA78F /* main.cpp */,
			);
			path = Prosjekt;
			sourceTree = "<group>";
		};
/* End PBXGroup section */

/* Begin PBXNativeTarget section */
		8B1570B21337EBAD00121E17 /* Prosjekt */ = {
			isa = PBXNativeTarget;
			buildConfigurationList = 8B1570BC1337EBAD00121E17 /* Build configuration list for PBXNativeTarget "Prosjekt" */;
			buildPhases = (
				8B1570AF1337EBAD00121E17 /* Sources */,
				8B1570B01337EBAD00121E17 /* Frameworks */,
				8B1570B11337EBAD00121E17 /* CopyFiles */,
			);
			buildRules = (
			);
			dependencies = (
			);
			name = Prosjekt;
			productName = Prosjekt;
			productReference = 8B1570B31337EBAD00121E17 /* Prosjekt */;
			productType = "com.apple.product-type.tool";
		};
/* End PBXNativeTarget section */

/* Begin PBXProject section */
		8B1570AA1337EBAD00121E17 /* Project object */ = {
			isa = PBXProject;
			buildConfigurationList = 8B1570AD1337EBAD00121E17 /* Build configuration list for PBXProject "Prosjekt" */;
			compatibilityVersion = "Xcode 3.2";
			developmentRegion = English;
			hasScannedForEncodings = 0;
			knownRegions = (
				en,
			);
			mainGroup = 8B1570A81337EBAD00121E17;
			productRefGroup = 8B1570B41337EBAD00121E17 /* Products */;
			projectDirPath = "";
			projectRoot = "";
			targets = (
				8B1570B21337EBAD00121E17 /* Prosjekt */,
			);
		};
/* End PBXProject section */

/* Begin PBXSourcesBuildPhase section */
		8B1570AF1337EBAD00121E17 /* Sources */ = {
			isa = PBXSourcesBuildPhase;
			buildActionMask = 2147483647;
			files = (
				8B4A04771337EC3F008DA78F /* main.cpp in Sources */,
			);
			runOnlyForDeploymentPostprocessing = 0;
		};
/* End PBXSourcesBuildPhase section */

/* Begin XCBuildConfiguration section */
		8B1570BA1337EBAD00121E17 /* Debug */ = {
			isa = XCBuildConfiguration;
			buildSettings = {
				ARCHS = "$(ARCHS_STANDARD_32_64_BIT)";
				GCC_C_LANGUAGE_STANDARD = gnu99;
				GCC_OPTIMIZATION_LEVEL = 0;
				GCC_PREPROCESSOR_DEFINITIONS = DEBUG;
				GCC_SYMBOLS_PRIVATE_EXTERN = NO;
				GCC_VERSION = com.apple.compilers.llvm.clang.1_0;
				GCC_WARN_64_TO_32_BIT_CONVERSION = YES;
				GCC_WARN_ABOUT_RETURN_TYPE = YES;
				GCC_WARN_UNUSED_VARIABLE = YES;
				MACOSX_DEPLOYMENT_TARGET = 10.6;
				ONLY_ACTIVE_ARCH = YES;
				SDKROOT = macosx;
			};
			name = Debug;
		};
		8B1570BB1337EBAD00121E17 /* Release */ = {
			isa = XCBuildConfiguration;
			buildSettings = {
				ARCHS = "$(ARCHS_STANDARD_32_64_BIT)";
				GCC_C_LANGUAGE_STANDARD = gnu99;
				GCC_VERSION = com.apple.compilers.llvm.clang.1_0;
				GCC_WARN_64_TO_32_BIT_CONVERSION = YES;
				GCC_WARN_ABOUT_RETURN_TYPE = YES;
				GCC_WARN_UNUSED_VARIABLE = YES;
				MACOSX_DEPLOYMENT_TARGET = 10.6;
				SDKROOT = macosx;
			};
			name = Release;
		};
		8B1570BD1337EBAD00121E17 /* Debug */ = {
			isa = XCBuildConfiguration;
			buildSettings = {
				ALWAYS_SEARCH_USER_PATHS = NO;
				COPY_PHASE_STRIP = NO;
				GCC_DYNAMIC_NO_PIC = NO;
				GCC_ENABLE_OBJC_EXCEPTIONS = YES;
				PRODUCT_NAME = "$(TARGET_NAME)";
				SYMROOT = /Users/oyvind/Documents/Skole/HiG/IMT1082/Prosjekt/prosjekt_build/;
			};
			name = Debug;
		};
		8B1570BE1337EBAD00121E17 /* Release */ = {
			isa = XCBuildConfiguration;
			buildSettings = {
				ALWAYS_SEARCH_USER_PATHS = NO;
				COPY_PHASE_STRIP = YES;
				DEBUG_INFORMATION_FORMAT = "dwarf-with-dsym";
				GCC_ENABLE_OBJC_EXCEPTIONS = YES;
				PRODUCT_NAME = "$(TARGET_NAME)";
				SYMROOT = /Users/oyvind/Documents/Skole/HiG/IMT1082/Prosjekt/prosjekt_build/;
			};
			name = Release;
		};
/* End XCBuildConfiguration section */

/* Begin XCConfigurationList section */
		8B1570AD1337EBAD00121E17 /* Build configuration list for PBXProject "Prosjekt" */ = {
			isa = XCConfigurationList;
			buildConfigurations = (
				8B1570BA1337EBAD00121E17 /* Debug */,
				8B1570BB1337EBAD00121E17 /* Release */,
			);
			defaultConfigurationIsVisible = 0;
			defaultConfigurationName = Release;
		};
		8B1570BC1337EBAD00121E17 /* Build configuration list for PBXNativeTarget "Prosjekt" */ = {
			isa = XCConfigurationList;
			buildConfigurations = (
				8B1570BD1337EBAD00121E17 /* Debug */,
				8B1570BE1337EBAD00121E17 /* Release */,
			);
			defaultConfigurationIsVisible = 0;
			defaultConfigurationName = Release;
		};
/* End XCConfigurationList section */
	};
	rootObject = 8B1570AA1337EBAD00121E17 /* Project object */;
}
